// !$*UTF8*$!
{
	archiveVersion = 1;
	classes = {
	};
	objectVersion = 56;
	objects = {

/* Begin PBXBuildFile section */
		1B7EE23529F3387200E7D3B2 /* PointsView.swift in Sources */ = {isa = PBXBuildFile; fileRef = 1B7EE23429F3387200E7D3B2 /* PointsView.swift */; };
		1B7EE23729F34D3700E7D3B2 /* Constants.swift in Sources */ = {isa = PBXBuildFile; fileRef = 1B7EE23629F34D3700E7D3B2 /* Constants.swift */; };
		1B9DE40F29F0B020009419B2 /* BullseyeApp.swift in Sources */ = {isa = PBXBuildFile; fileRef = 1B9DE40E29F0B020009419B2 /* BullseyeApp.swift */; };
		1B9DE41129F0B020009419B2 /* ContentView.swift in Sources */ = {isa = PBXBuildFile; fileRef = 1B9DE41029F0B020009419B2 /* ContentView.swift */; };
		1B9DE41329F0B022009419B2 /* Assets.xcassets in Resources */ = {isa = PBXBuildFile; fileRef = 1B9DE41229F0B022009419B2 /* Assets.xcassets */; };
		1B9DE41629F0B022009419B2 /* Preview Assets.xcassets in Resources */ = {isa = PBXBuildFile; fileRef = 1B9DE41529F0B022009419B2 /* Preview Assets.xcassets */; };
		1B9DE42129F0CE34009419B2 /* Game.swift in Sources */ = {isa = PBXBuildFile; fileRef = 1B9DE42029F0CE34009419B2 /* Game.swift */; };
		1BC6FC5F29F44AB50060A02B /* LeaderBoardView.swift in Sources */ = {isa = PBXBuildFile; fileRef = 1BC6FC5E29F44AB50060A02B /* LeaderBoardView.swift */; };
		1BF1CB8629F179F900ED1F28 /* BullseyeTests.swift in Sources */ = {isa = PBXBuildFile; fileRef = 1BF1CB8529F179F900ED1F28 /* BullseyeTests.swift */; };
		1BF1CB8D29F1D2F500ED1F28 /* TextViews.swift in Sources */ = {isa = PBXBuildFile; fileRef = 1BF1CB8C29F1D2F500ED1F28 /* TextViews.swift */; };
		1BF1CB8F29F1DE0300ED1F28 /* Shapes.swift in Sources */ = {isa = PBXBuildFile; fileRef = 1BF1CB8E29F1DE0300ED1F28 /* Shapes.swift */; };
		1BF1CB9129F1E1A000ED1F28 /* RoundedImageViewStroked.swift in Sources */ = {isa = PBXBuildFile; fileRef = 1BF1CB9029F1E1A000ED1F28 /* RoundedImageViewStroked.swift */; };
		1BF1CB9329F1EEDF00ED1F28 /* BackgroundView.swift in Sources */ = {isa = PBXBuildFile; fileRef = 1BF1CB9229F1EEDF00ED1F28 /* BackgroundView.swift */; };
/* End PBXBuildFile section */

/* Begin PBXContainerItemProxy section */
		1BF1CB8729F179F900ED1F28 /* PBXContainerItemProxy */ = {
			isa = PBXContainerItemProxy;
			containerPortal = 1B9DE40329F0B020009419B2 /* Project object */;
			proxyType = 1;
			remoteGlobalIDString = 1B9DE40A29F0B020009419B2;
			remoteInfo = Bullseye;
		};
/* End PBXContainerItemProxy section */

/* Begin PBXFileReference section */
		1B7EE23429F3387200E7D3B2 /* PointsView.swift */ = {isa = PBXFileReference; lastKnownFileType = sourcecode.swift; path = PointsView.swift; sourceTree = "<group>"; };
		1B7EE23629F34D3700E7D3B2 /* Constants.swift */ = {isa = PBXFileReference; lastKnownFileType = sourcecode.swift; path = Constants.swift; sourceTree = "<group>"; };
		1B9DE40B29F0B020009419B2 /* Bullseye.app */ = {isa = PBXFileReference; explicitFileType = wrapper.application; includeInIndex = 0; path = Bullseye.app; sourceTree = BUILT_PRODUCTS_DIR; };
		1B9DE40E29F0B020009419B2 /* BullseyeApp.swift */ = {isa = PBXFileReference; lastKnownFileType = sourcecode.swift; path = BullseyeApp.swift; sourceTree = "<group>"; };
		1B9DE41029F0B020009419B2 /* ContentView.swift */ = {isa = PBXFileReference; lastKnownFileType = sourcecode.swift; path = ContentView.swift; sourceTree = "<group>"; };
		1B9DE41229F0B022009419B2 /* Assets.xcassets */ = {isa = PBXFileReference; lastKnownFileType = folder.assetcatalog; path = Assets.xcassets; sourceTree = "<group>"; };
		1B9DE41529F0B022009419B2 /* Preview Assets.xcassets */ = {isa = PBXFileReference; lastKnownFileType = folder.assetcatalog; path = "Preview Assets.xcassets"; sourceTree = "<group>"; };
		1B9DE42029F0CE34009419B2 /* Game.swift */ = {isa = PBXFileReference; lastKnownFileType = sourcecode.swift; path = Game.swift; sourceTree = "<group>"; };
		1BC6FC5E29F44AB50060A02B /* LeaderBoardView.swift */ = {isa = PBXFileReference; lastKnownFileType = sourcecode.swift; path = LeaderBoardView.swift; sourceTree = "<group>"; };
		1BF1CB8329F179F900ED1F28 /* BullseyeTests.xctest */ = {isa = PBXFileReference; explicitFileType = wrapper.cfbundle; includeInIndex = 0; path = BullseyeTests.xctest; sourceTree = BUILT_PRODUCTS_DIR; };
		1BF1CB8529F179F900ED1F28 /* BullseyeTests.swift */ = {isa = PBXFileReference; lastKnownFileType = sourcecode.swift; path = BullseyeTests.swift; sourceTree = "<group>"; };
		1BF1CB8C29F1D2F500ED1F28 /* TextViews.swift */ = {isa = PBXFileReference; lastKnownFileType = sourcecode.swift; path = TextViews.swift; sourceTree = "<group>"; };
		1BF1CB8E29F1DE0300ED1F28 /* Shapes.swift */ = {isa = PBXFileReference; lastKnownFileType = sourcecode.swift; path = Shapes.swift; sourceTree = "<group>"; };
		1BF1CB9029F1E1A000ED1F28 /* RoundedImageViewStroked.swift */ = {isa = PBXFileReference; lastKnownFileType = sourcecode.swift; path = RoundedImageViewStroked.swift; sourceTree = "<group>"; };
		1BF1CB9229F1EEDF00ED1F28 /* BackgroundView.swift */ = {isa = PBXFileReference; lastKnownFileType = sourcecode.swift; path = BackgroundView.swift; sourceTree = "<group>"; };
/* End PBXFileReference section */

/* Begin PBXFrameworksBuildPhase section */
		1B9DE40829F0B020009419B2 /* Frameworks */ = {
			isa = PBXFrameworksBuildPhase;
			buildActionMask = 2147483647;
			files = (
			);
			runOnlyForDeploymentPostprocessing = 0;
		};
		1BF1CB8029F179F900ED1F28 /* Frameworks */ = {
			isa = PBXFrameworksBuildPhase;
			buildActionMask = 2147483647;
			files = (
			);
			runOnlyForDeploymentPostprocessing = 0;
		};
/* End PBXFrameworksBuildPhase section */

/* Begin PBXGroup section */
		1B9DE40229F0B020009419B2 = {
			isa = PBXGroup;
			children = (
				1B9DE40D29F0B020009419B2 /* Bullseye */,
				1BF1CB8429F179F900ED1F28 /* BullseyeTests */,
				1B9DE40C29F0B020009419B2 /* Products */,
			);
			sourceTree = "<group>";
		};
		1B9DE40C29F0B020009419B2 /* Products */ = {
			isa = PBXGroup;
			children = (
				1B9DE40B29F0B020009419B2 /* Bullseye.app */,
				1BF1CB8329F179F900ED1F28 /* BullseyeTests.xctest */,
			);
			name = Products;
			sourceTree = "<group>";
		};
		1B9DE40D29F0B020009419B2 /* Bullseye */ = {
			isa = PBXGroup;
			children = (
				1B9DE41E29F0CDC3009419B2 /* Views */,
				1B9DE41F29F0CDF2009419B2 /* App */,
				1B9DE41C29F0CD98009419B2 /* Models */,
				1B9DE41429F0B022009419B2 /* Preview Content */,
			);
			path = Bullseye;
			sourceTree = "<group>";
		};
		1B9DE41429F0B022009419B2 /* Preview Content */ = {
			isa = PBXGroup;
			children = (
				1B9DE41529F0B022009419B2 /* Preview Assets.xcassets */,
			);
			path = "Preview Content";
			sourceTree = "<group>";
		};
		1B9DE41C29F0CD98009419B2 /* Models */ = {
			isa = PBXGroup;
			children = (
				1B9DE42029F0CE34009419B2 /* Game.swift */,
				1B7EE23629F34D3700E7D3B2 /* Constants.swift */,
			);
			path = Models;
			sourceTree = "<group>";
		};
		1B9DE41E29F0CDC3009419B2 /* Views */ = {
			isa = PBXGroup;
			children = (
				1B9DE41029F0B020009419B2 /* ContentView.swift */,
				1BF1CB8C29F1D2F500ED1F28 /* TextViews.swift */,
				1BF1CB8E29F1DE0300ED1F28 /* Shapes.swift */,
				1BF1CB9029F1E1A000ED1F28 /* RoundedImageViewStroked.swift */,
				1BF1CB9229F1EEDF00ED1F28 /* BackgroundView.swift */,
				1B7EE23429F3387200E7D3B2 /* PointsView.swift */,
				1BC6FC5E29F44AB50060A02B /* LeaderBoardView.swift */,
			);
			path = Views;
			sourceTree = "<group>";
		};
		1B9DE41F29F0CDF2009419B2 /* App */ = {
			isa = PBXGroup;
			children = (
				1B9DE40E29F0B020009419B2 /* BullseyeApp.swift */,
				1B9DE41229F0B022009419B2 /* Assets.xcassets */,
			);
			path = App;
			sourceTree = "<group>";
		};
		1BF1CB8429F179F900ED1F28 /* BullseyeTests */ = {
			isa = PBXGroup;
			children = (
				1BF1CB8529F179F900ED1F28 /* BullseyeTests.swift */,
			);
			path = BullseyeTests;
			sourceTree = "<group>";
		};
/* End PBXGroup section */

/* Begin PBXNativeTarget section */
		1B9DE40A29F0B020009419B2 /* Bullseye */ = {
			isa = PBXNativeTarget;
			buildConfigurationList = 1B9DE41929F0B022009419B2 /* Build configuration list for PBXNativeTarget "Bullseye" */;
			buildPhases = (
				1B9DE40729F0B020009419B2 /* Sources */,
				1B9DE40829F0B020009419B2 /* Frameworks */,
				1B9DE40929F0B020009419B2 /* Resources */,
			);
			buildRules = (
			);
			dependencies = (
			);
			name = Bullseye;
			productName = Bullseye;
			productReference = 1B9DE40B29F0B020009419B2 /* Bullseye.app */;
			productType = "com.apple.product-type.application";
		};
		1BF1CB8229F179F900ED1F28 /* BullseyeTests */ = {
			isa = PBXNativeTarget;
			buildConfigurationList = 1BF1CB8B29F179F900ED1F28 /* Build configuration list for PBXNativeTarget "BullseyeTests" */;
			buildPhases = (
				1BF1CB7F29F179F900ED1F28 /* Sources */,
				1BF1CB8029F179F900ED1F28 /* Frameworks */,
				1BF1CB8129F179F900ED1F28 /* Resources */,
			);
			buildRules = (
			);
			dependencies = (
				1BF1CB8829F179F900ED1F28 /* PBXTargetDependency */,
			);
			name = BullseyeTests;
			productName = BullseyeTests;
			productReference = 1BF1CB8329F179F900ED1F28 /* BullseyeTests.xctest */;
			productType = "com.apple.product-type.bundle.unit-test";
		};
/* End PBXNativeTarget section */

/* Begin PBXProject section */
		1B9DE40329F0B020009419B2 /* Project object */ = {
			isa = PBXProject;
			attributes = {
				BuildIndependentTargetsInParallel = 1;
				LastSwiftUpdateCheck = 1420;
				LastUpgradeCheck = 1420;
				TargetAttributes = {
					1B9DE40A29F0B020009419B2 = {
						CreatedOnToolsVersion = 14.2;
					};
					1BF1CB8229F179F900ED1F28 = {
						CreatedOnToolsVersion = 14.2;
						TestTargetID = 1B9DE40A29F0B020009419B2;
					};
				};
			};
			buildConfigurationList = 1B9DE40629F0B020009419B2 /* Build configuration list for PBXProject "Bullseye" */;
			compatibilityVersion = "Xcode 14.0";
			developmentRegion = en;
			hasScannedForEncodings = 0;
			knownRegions = (
				en,
				Base,
			);
			mainGroup = 1B9DE40229F0B020009419B2;
			productRefGroup = 1B9DE40C29F0B020009419B2 /* Products */;
			projectDirPath = "";
			projectRoot = "";
			targets = (
				1B9DE40A29F0B020009419B2 /* Bullseye */,
				1BF1CB8229F179F900ED1F28 /* BullseyeTests */,
			);
		};
/* End PBXProject section */

/* Begin PBXResourcesBuildPhase section */
		1B9DE40929F0B020009419B2 /* Resources */ = {
			isa = PBXResourcesBuildPhase;
			buildActionMask = 2147483647;
			files = (
				1B9DE41629F0B022009419B2 /* Preview Assets.xcassets in Resources */,
				1B9DE41329F0B022009419B2 /* Assets.xcassets in Resources */,
			);
			runOnlyForDeploymentPostprocessing = 0;
		};
		1BF1CB8129F179F900ED1F28 /* Resources */ = {
			isa = PBXResourcesBuildPhase;
			buildActionMask = 2147483647;
			files = (
			);
			runOnlyForDeploymentPostprocessing = 0;
		};
/* End PBXResourcesBuildPhase section */

/* Begin PBXSourcesBuildPhase section */
		1B9DE40729F0B020009419B2 /* Sources */ = {
			isa = PBXSourcesBuildPhase;
			buildActionMask = 2147483647;
			files = (
				1B9DE41129F0B020009419B2 /* ContentView.swift in Sources */,
				1BF1CB8D29F1D2F500ED1F28 /* TextViews.swift in Sources */,
				1BF1CB9129F1E1A000ED1F28 /* RoundedImageViewStroked.swift in Sources */,
				1B7EE23529F3387200E7D3B2 /* PointsView.swift in Sources */,
				1BC6FC5F29F44AB50060A02B /* LeaderBoardView.swift in Sources */,
				1BF1CB9329F1EEDF00ED1F28 /* BackgroundView.swift in Sources */,
				1BF1CB8F29F1DE0300ED1F28 /* Shapes.swift in Sources */,
				1B9DE42129F0CE34009419B2 /* Game.swift in Sources */,
				1B9DE40F29F0B020009419B2 /* BullseyeApp.swift in Sources */,
				1B7EE23729F34D3700E7D3B2 /* Constants.swift in Sources */,
			);
			runOnlyForDeploymentPostprocessing = 0;
		};
		1BF1CB7F29F179F900ED1F28 /* Sources */ = {
			isa = PBXSourcesBuildPhase;
			buildActionMask = 2147483647;
			files = (
				1BF1CB8629F179F900ED1F28 /* BullseyeTests.swift in Sources */,
			);
			runOnlyForDeploymentPostprocessing = 0;
		};
/* End PBXSourcesBuildPhase section */

/* Begin PBXTargetDependency section */
		1BF1CB8829F179F900ED1F28 /* PBXTargetDependency */ = {
			isa = PBXTargetDependency;
			target = 1B9DE40A29F0B020009419B2 /* Bullseye */;
			targetProxy = 1BF1CB8729F179F900ED1F28 /* PBXContainerItemProxy */;
		};
/* End PBXTargetDependency section */

/* Begin XCBuildConfiguration section */
		1B9DE41729F0B022009419B2 /* Debug */ = {
			isa = XCBuildConfiguration;
			buildSettings = {
				ALWAYS_SEARCH_USER_PATHS = NO;
				CLANG_ANALYZER_NONNULL = YES;
				CLANG_ANALYZER_NUMBER_OBJECT_CONVERSION = YES_AGGRESSIVE;
				CLANG_CXX_LANGUAGE_STANDARD = "gnu++20";
				CLANG_ENABLE_MODULES = YES;
				CLANG_ENABLE_OBJC_ARC = YES;
				CLANG_ENABLE_OBJC_WEAK = YES;
				CLANG_WARN_BLOCK_CAPTURE_AUTORELEASING = YES;
				CLANG_WARN_BOOL_CONVERSION = YES;
				CLANG_WARN_COMMA = YES;
				CLANG_WARN_CONSTANT_CONVERSION = YES;
				CLANG_WARN_DEPRECATED_OBJC_IMPLEMENTATIONS = YES;
				CLANG_WARN_DIRECT_OBJC_ISA_USAGE = YES_ERROR;
				CLANG_WARN_DOCUMENTATION_COMMENTS = YES;
				CLANG_WARN_EMPTY_BODY = YES;
				CLANG_WARN_ENUM_CONVERSION = YES;
				CLANG_WARN_INFINITE_RECURSION = YES;
				CLANG_WARN_INT_CONVERSION = YES;
				CLANG_WARN_NON_LITERAL_NULL_CONVERSION = YES;
				CLANG_WARN_OBJC_IMPLICIT_RETAIN_SELF = YES;
				CLANG_WARN_OBJC_LITERAL_CONVERSION = YES;
				CLANG_WARN_OBJC_ROOT_CLASS = YES_ERROR;
				CLANG_WARN_QUOTED_INCLUDE_IN_FRAMEWORK_HEADER = YES;
				CLANG_WARN_RANGE_LOOP_ANALYSIS = YES;
				CLANG_WARN_STRICT_PROTOTYPES = YES;
				CLANG_WARN_SUSPICIOUS_MOVE = YES;
				CLANG_WARN_UNGUARDED_AVAILABILITY = YES_AGGRESSIVE;
				CLANG_WARN_UNREACHABLE_CODE = YES;
				CLANG_WARN__DUPLICATE_METHOD_MATCH = YES;
				COPY_PHASE_STRIP = NO;
				DEBUG_INFORMATION_FORMAT = dwarf;
				ENABLE_STRICT_OBJC_MSGSEND = YES;
				ENABLE_TESTABILITY = YES;
				GCC_C_LANGUAGE_STANDARD = gnu11;
				GCC_DYNAMIC_NO_PIC = NO;
				GCC_NO_COMMON_BLOCKS = YES;
				GCC_OPTIMIZATION_LEVEL = 0;
				GCC_PREPROCESSOR_DEFINITIONS = (
					"DEBUG=1",
					"$(inherited)",
				);
				GCC_WARN_64_TO_32_BIT_CONVERSION = YES;
				GCC_WARN_ABOUT_RETURN_TYPE = YES_ERROR;
				GCC_WARN_UNDECLARED_SELECTOR = YES;
				GCC_WARN_UNINITIALIZED_AUTOS = YES_AGGRESSIVE;
				GCC_WARN_UNUSED_FUNCTION = YES;
				GCC_WARN_UNUSED_VARIABLE = YES;
				IPHONEOS_DEPLOYMENT_TARGET = 16.2;
				MTL_ENABLE_DEBUG_INFO = INCLUDE_SOURCE;
				MTL_FAST_MATH = YES;
				ONLY_ACTIVE_ARCH = YES;
				SDKROOT = iphoneos;
				SWIFT_ACTIVE_COMPILATION_CONDITIONS = DEBUG;
				SWIFT_OPTIMIZATION_LEVEL = "-Onone";
			};
			name = Debug;
		};
		1B9DE41829F0B022009419B2 /* Release */ = {
			isa = XCBuildConfiguration;
			buildSettings = {
				ALWAYS_SEARCH_USER_PATHS = NO;
				CLANG_ANALYZER_NONNULL = YES;
				CLANG_ANALYZER_NUMBER_OBJECT_CONVERSION = YES_AGGRESSIVE;
				CLANG_CXX_LANGUAGE_STANDARD = "gnu++20";
				CLANG_ENABLE_MODULES = YES;
				CLANG_ENABLE_OBJC_ARC = YES;
				CLANG_ENABLE_OBJC_WEAK = YES;
				CLANG_WARN_BLOCK_CAPTURE_AUTORELEASING = YES;
				CLANG_WARN_BOOL_CONVERSION = YES;
				CLANG_WARN_COMMA = YES;
				CLANG_WARN_CONSTANT_CONVERSION = YES;
				CLANG_WARN_DEPRECATED_OBJC_IMPLEMENTATIONS = YES;
				CLANG_WARN_DIRECT_OBJC_ISA_USAGE = YES_ERROR;
				CLANG_WARN_DOCUMENTATION_COMMENTS = YES;
				CLANG_WARN_EMPTY_BODY = YES;
				CLANG_WARN_ENUM_CONVERSION = YES;
				CLANG_WARN_INFINITE_RECURSION = YES;
				CLANG_WARN_INT_CONVERSION = YES;
				CLANG_WARN_NON_LITERAL_NULL_CONVERSION = YES;
				CLANG_WARN_OBJC_IMPLICIT_RETAIN_SELF = YES;
				CLANG_WARN_OBJC_LITERAL_CONVERSION = YES;
				CLANG_WARN_OBJC_ROOT_CLASS = YES_ERROR;
				CLANG_WARN_QUOTED_INCLUDE_IN_FRAMEWORK_HEADER = YES;
				CLANG_WARN_RANGE_LOOP_ANALYSIS = YES;
				CLANG_WARN_STRICT_PROTOTYPES = YES;
				CLANG_WARN_SUSPICIOUS_MOVE = YES;
				CLANG_WARN_UNGUARDED_AVAILABILITY = YES_AGGRESSIVE;
				CLANG_WARN_UNREACHABLE_CODE = YES;
				CLANG_WARN__DUPLICATE_METHOD_MATCH = YES;
				COPY_PHASE_STRIP = NO;
				DEBUG_INFORMATION_FORMAT = "dwarf-with-dsym";
				ENABLE_NS_ASSERTIONS = NO;
				ENABLE_STRICT_OBJC_MSGSEND = YES;
				GCC_C_LANGUAGE_STANDARD = gnu11;
				GCC_NO_COMMON_BLOCKS = YES;
				GCC_WARN_64_TO_32_BIT_CONVERSION = YES;
				GCC_WARN_ABOUT_RETURN_TYPE = YES_ERROR;
				GCC_WARN_UNDECLARED_SELECTOR = YES;
				GCC_WARN_UNINITIALIZED_AUTOS = YES_AGGRESSIVE;
				GCC_WARN_UNUSED_FUNCTION = YES;
				GCC_WARN_UNUSED_VARIABLE = YES;
				IPHONEOS_DEPLOYMENT_TARGET = 16.2;
				MTL_ENABLE_DEBUG_INFO = NO;
				MTL_FAST_MATH = YES;
				SDKROOT = iphoneos;
				SWIFT_COMPILATION_MODE = wholemodule;
				SWIFT_OPTIMIZATION_LEVEL = "-O";
				VALIDATE_PRODUCT = YES;
			};
			name = Release;
		};
		1B9DE41A29F0B022009419B2 /* Debug */ = {
			isa = XCBuildConfiguration;
			buildSettings = {
				ASSETCATALOG_COMPILER_APPICON_NAME = AppIcon;
				ASSETCATALOG_COMPILER_GLOBAL_ACCENT_COLOR_NAME = AccentColor;
				CODE_SIGN_STYLE = Automatic;
				CURRENT_PROJECT_VERSION = 1;
				DEVELOPMENT_ASSET_PATHS = "\"Bullseye/Preview Content\"";
				DEVELOPMENT_TEAM = J6CUZWGRA6;
				ENABLE_PREVIEWS = YES;
				GENERATE_INFOPLIST_FILE = YES;
				INFOPLIST_KEY_CFBundleDisplayName = "Bull´s Eye";
				INFOPLIST_KEY_UIApplicationSceneManifest_Generation = YES;
				INFOPLIST_KEY_UIApplicationSupportsIndirectInputEvents = YES;
				INFOPLIST_KEY_UILaunchScreen_Generation = YES;
				INFOPLIST_KEY_UISupportedInterfaceOrientations_iPad = "UIInterfaceOrientationPortrait UIInterfaceOrientationPortraitUpsideDown UIInterfaceOrientationLandscapeLeft UIInterfaceOrientationLandscapeRight";
				INFOPLIST_KEY_UISupportedInterfaceOrientations_iPhone = "UIInterfaceOrientationPortrait UIInterfaceOrientationLandscapeLeft UIInterfaceOrientationLandscapeRight";
				LD_RUNPATH_SEARCH_PATHS = (
					"$(inherited)",
					"@executable_path/Frameworks",
				);
				MARKETING_VERSION = 1.0;
				PRODUCT_BUNDLE_IDENTIFIER = com.nancy.Bullseye;
				PRODUCT_NAME = "$(TARGET_NAME)";
				SWIFT_EMIT_LOC_STRINGS = YES;
				SWIFT_VERSION = 5.0;
				TARGETED_DEVICE_FAMILY = "1,2";
			};
			name = Debug;
		};
		1B9DE41B29F0B022009419B2 /* Release */ = {
			isa = XCBuildConfiguration;
			buildSettings = {
				ASSETCATALOG_COMPILER_APPICON_NAME = AppIcon;
				ASSETCATALOG_COMPILER_GLOBAL_ACCENT_COLOR_NAME = AccentColor;
				CODE_SIGN_STYLE = Automatic;
				CURRENT_PROJECT_VERSION = 1;
				DEVELOPMENT_ASSET_PATHS = "\"Bullseye/Preview Content\"";
				DEVELOPMENT_TEAM = J6CUZWGRA6;
				ENABLE_PREVIEWS = YES;
				GENERATE_INFOPLIST_FILE = YES;
				INFOPLIST_KEY_CFBundleDisplayName = "Bull´s Eye";
				INFOPLIST_KEY_UIApplicationSceneManifest_Generation = YES;
				INFOPLIST_KEY_UIApplicationSupportsIndirectInputEvents = YES;
				INFOPLIST_KEY_UILaunchScreen_Generation = YES;
				INFOPLIST_KEY_UISupportedInterfaceOrientations_iPad = "UIInterfaceOrientationPortrait UIInterfaceOrientationPortraitUpsideDown UIInterfaceOrientationLandscapeLeft UIInterfaceOrientationLandscapeRight";
				INFOPLIST_KEY_UISupportedInterfaceOrientations_iPhone = "UIInterfaceOrientationPortrait UIInterfaceOrientationLandscapeLeft UIInterfaceOrientationLandscapeRight";
				LD_RUNPATH_SEARCH_PATHS = (
					"$(inherited)",
					"@executable_path/Frameworks",
				);
				MARKETING_VERSION = 1.0;
				PRODUCT_BUNDLE_IDENTIFIER = com.nancy.Bullseye;
				PRODUCT_NAME = "$(TARGET_NAME)";
				SWIFT_EMIT_LOC_STRINGS = YES;
				SWIFT_VERSION = 5.0;
				TARGETED_DEVICE_FAMILY = "1,2";
			};
			name = Release;
		};
		1BF1CB8929F179F900ED1F28 /* Debug */ = {
			isa = XCBuildConfiguration;
			buildSettings = {
				BUNDLE_LOADER = "$(TEST_HOST)";
				CODE_SIGN_STYLE = Automatic;
				CURRENT_PROJECT_VERSION = 1;
				DEVELOPMENT_TEAM = J6CUZWGRA6;
				GENERATE_INFOPLIST_FILE = YES;
				IPHONEOS_DEPLOYMENT_TARGET = 16.2;
				MACOSX_DEPLOYMENT_TARGET = 13.1;
				MARKETING_VERSION = 1.0;
				PRODUCT_BUNDLE_IDENTIFIER = com.nancy.BullseyeTests;
				PRODUCT_NAME = "$(TARGET_NAME)";
				SDKROOT = auto;
				SUPPORTED_PLATFORMS = "iphoneos iphonesimulator macosx";
				SWIFT_EMIT_LOC_STRINGS = NO;
				SWIFT_VERSION = 5.0;
				TARGETED_DEVICE_FAMILY = "1,2";
				TEST_HOST = "$(BUILT_PRODUCTS_DIR)/Bullseye.app/$(BUNDLE_EXECUTABLE_FOLDER_PATH)/Bullseye";
			};
			name = Debug;
		};
		1BF1CB8A29F179F900ED1F28 /* Release */ = {
			isa = XCBuildConfiguration;
			buildSettings = {
				BUNDLE_LOADER = "$(TEST_HOST)";
				CODE_SIGN_STYLE = Automatic;
				CURRENT_PROJECT_VERSION = 1;
				DEVELOPMENT_TEAM = J6CUZWGRA6;
				GENERATE_INFOPLIST_FILE = YES;
				IPHONEOS_DEPLOYMENT_TARGET = 16.2;
				MACOSX_DEPLOYMENT_TARGET = 13.1;
				MARKETING_VERSION = 1.0;
				PRODUCT_BUNDLE_IDENTIFIER = com.nancy.BullseyeTests;
				PRODUCT_NAME = "$(TARGET_NAME)";
				SDKROOT = auto;
				SUPPORTED_PLATFORMS = "iphoneos iphonesimulator macosx";
				SWIFT_EMIT_LOC_STRINGS = NO;
				SWIFT_VERSION = 5.0;
				TARGETED_DEVICE_FAMILY = "1,2";
				TEST_HOST = "$(BUILT_PRODUCTS_DIR)/Bullseye.app/$(BUNDLE_EXECUTABLE_FOLDER_PATH)/Bullseye";
			};
			name = Release;
		};
/* End XCBuildConfiguration section */

/* Begin XCConfigurationList section */
		1B9DE40629F0B020009419B2 /* Build configuration list for PBXProject "Bullseye" */ = {
			isa = XCConfigurationList;
			buildConfigurations = (
				1B9DE41729F0B022009419B2 /* Debug */,
				1B9DE41829F0B022009419B2 /* Release */,
			);
			defaultConfigurationIsVisible = 0;
			defaultConfigurationName = Release;
		};
		1B9DE41929F0B022009419B2 /* Build configuration list for PBXNativeTarget "Bullseye" */ = {
			isa = XCConfigurationList;
			buildConfigurations = (
				1B9DE41A29F0B022009419B2 /* Debug */,
				1B9DE41B29F0B022009419B2 /* Release */,
			);
			defaultConfigurationIsVisible = 0;
			defaultConfigurationName = Release;
		};
		1BF1CB8B29F179F900ED1F28 /* Build configuration list for PBXNativeTarget "BullseyeTests" */ = {
			isa = XCConfigurationList;
			buildConfigurations = (
				1BF1CB8929F179F900ED1F28 /* Debug */,
				1BF1CB8A29F179F900ED1F28 /* Release */,
			);
			defaultConfigurationIsVisible = 0;
			defaultConfigurationName = Release;
		};
/* End XCConfigurationList section */
	};
	rootObject = 1B9DE40329F0B020009419B2 /* Project object */;
}
